
Microsoft Visual Studio Solution File, Format Version 12.00
# Visual Studio 15
Project("{FAE04EC0-301F-11D3-BF4B-00C04F79EFBC}") = "Assembly-CSharp", "Assembly-CSharp.csproj", "{05CC26FE-31A0-E25E-4656-70F44AF2E524}"
EndProject
Global
	GlobalSection(SolutionConfigurationPlatforms) = preSolution
		Debug|Any CPU = Debug|Any CPU
		Release|Any CPU = Release|Any CPU
	EndGlobalSection
	GlobalSection(ProjectConfigurationPlatforms) = postSolution
		{05CC26FE-31A0-E25E-4656-70F44AF2E524}.Debug|Any CPU.ActiveCfg = Debug|Any CPU
		{05CC26FE-31A0-E25E-4656-70F44AF2E524}.Debug|Any CPU.Build.0 = Debug|Any CPU
		{05CC26FE-31A0-E25E-4656-70F44AF2E524}.Release|Any CPU.ActiveCfg = Release|Any CPU
		{05CC26FE-31A0-E25E-4656-70F44AF2E524}.Release|Any CPU.Build.0 = Release|Any CPU
	EndGlobalSection
	GlobalSection(SolutionProperties) = preSolution
		HideSolutionNode = FALSE
	EndGlobalSection
EndGlobal
